
Microsoft Visual Studio Solution File, Format Version 12.00
Project("{FAE04EC0-301F-11D3-BF4B-00C04F79EFBC}") = "clockwork", "clockwork.csproj", "{486D57B2-BAA6-492A-89E8-DCAD25586821}"
EndProject
Global
	GlobalSection(SolutionConfigurationPlatforms) = preSolution
		Debug|Any CPU = Debug|Any CPU
		Release|Any CPU = Release|Any CPU
	EndGlobalSection
	GlobalSection(ProjectConfigurationPlatforms) = postSolution
		{486D57B2-BAA6-492A-89E8-DCAD25586821}.Debug|Any CPU.ActiveCfg = Debug|Any CPU
		{486D57B2-BAA6-492A-89E8-DCAD25586821}.Debug|Any CPU.Build.0 = Debug|Any CPU
		{486D57B2-BAA6-492A-89E8-DCAD25586821}.Release|Any CPU.ActiveCfg = Release|Any CPU
		{486D57B2-BAA6-492A-89E8-DCAD25586821}.Release|Any CPU.Build.0 = Release|Any CPU
	EndGlobalSection
EndGlobal
